
Microsoft Visual Studio Solution File, Format Version 12.00
# Visual Studio Version 17
VisualStudioVersion = 17.1.32328.378
MinimumVisualStudioVersion = 10.0.40219.1
Project("{FAE04EC0-301F-11D3-BF4B-00C04F79EFBC}") = "CSharp.LabExercise4", "CSharp.LabExercise4.csproj", "{DDC39B4E-8AE8-4763-AC0D-76CB20FECAB9}"
EndProject
Global
	GlobalSection(SolutionConfigurationPlatforms) = preSolution
		Debug|Any CPU = Debug|Any CPU
		Release|Any CPU = Release|Any CPU
	EndGlobalSection
	GlobalSection(ProjectConfigurationPlatforms) = postSolution
		{DDC39B4E-8AE8-4763-AC0D-76CB20FECAB9}.Debug|Any CPU.ActiveCfg = Debug|Any CPU
		{DDC39B4E-8AE8-4763-AC0D-76CB20FECAB9}.Debug|Any CPU.Build.0 = Debug|Any CPU
		{DDC39B4E-8AE8-4763-AC0D-76CB20FECAB9}.Release|Any CPU.ActiveCfg = Release|Any CPU
		{DDC39B4E-8AE8-4763-AC0D-76CB20FECAB9}.Release|Any CPU.Build.0 = Release|Any CPU
	EndGlobalSection
	GlobalSection(SolutionProperties) = preSolution
		HideSolutionNode = FALSE
	EndGlobalSection
	GlobalSection(ExtensibilityGlobals) = postSolution
		SolutionGuid = {4FF47D8B-0002-4537-B6F5-6AFC70F7A01D}
	EndGlobalSection
EndGlobal
